
Microsoft Visual Studio Solution File, Format Version 12.00
# Visual Studio Version 16
VisualStudioVersion = 16.0.29806.167
MinimumVisualStudioVersion = 10.0.40219.1
Project("{FAE04EC0-301F-11D3-BF4B-00C04F79EFBC}") = "TV_Show_TRP_API", "TV_Show_TRP_API\TV_Show_TRP_API.csproj", "{A7AE32DA-C61D-4644-B2EE-0E6769E1C92F}"
EndProject
Global
	GlobalSection(SolutionConfigurationPlatforms) = preSolution
		Debug|Any CPU = Debug|Any CPU
		Release|Any CPU = Release|Any CPU
	EndGlobalSection
	GlobalSection(ProjectConfigurationPlatforms) = postSolution
		{A7AE32DA-C61D-4644-B2EE-0E6769E1C92F}.Debug|Any CPU.ActiveCfg = Debug|Any CPU
		{A7AE32DA-C61D-4644-B2EE-0E6769E1C92F}.Debug|Any CPU.Build.0 = Debug|Any CPU
		{A7AE32DA-C61D-4644-B2EE-0E6769E1C92F}.Release|Any CPU.ActiveCfg = Release|Any CPU
		{A7AE32DA-C61D-4644-B2EE-0E6769E1C92F}.Release|Any CPU.Build.0 = Release|Any CPU
	EndGlobalSection
	GlobalSection(SolutionProperties) = preSolution
		HideSolutionNode = FALSE
	EndGlobalSection
	GlobalSection(ExtensibilityGlobals) = postSolution
		SolutionGuid = {ADF5826D-8B9C-4315-B5E3-40E858B0EE5D}
	EndGlobalSection
EndGlobal
